
Microsoft Visual Studio Solution File, Format Version 12.00
# Visual Studio 15
Project("{FAE04EC0-301F-11D3-BF4B-00C04F79EFBC}") = "Assembly-CSharp", "Assembly-CSharp.csproj", "{3E304EA2-BAF5-A909-3406-4CFDBAA7E649}"
EndProject
Project("{FAE04EC0-301F-11D3-BF4B-00C04F79EFBC}") = "Assembly-CSharp-Editor", "Assembly-CSharp-Editor.csproj", "{03C5FB6C-B4C9-552B-EC6F-8C9EEF47BF63}"
EndProject
Global
	GlobalSection(SolutionConfigurationPlatforms) = preSolution
		Debug|Any CPU = Debug|Any CPU
		Release|Any CPU = Release|Any CPU
	EndGlobalSection
	GlobalSection(ProjectConfigurationPlatforms) = postSolution
		{3E304EA2-BAF5-A909-3406-4CFDBAA7E649}.Debug|Any CPU.ActiveCfg = Debug|Any CPU
		{3E304EA2-BAF5-A909-3406-4CFDBAA7E649}.Debug|Any CPU.Build.0 = Debug|Any CPU
		{3E304EA2-BAF5-A909-3406-4CFDBAA7E649}.Release|Any CPU.ActiveCfg = Release|Any CPU
		{3E304EA2-BAF5-A909-3406-4CFDBAA7E649}.Release|Any CPU.Build.0 = Release|Any CPU
		{03C5FB6C-B4C9-552B-EC6F-8C9EEF47BF63}.Debug|Any CPU.ActiveCfg = Debug|Any CPU
		{03C5FB6C-B4C9-552B-EC6F-8C9EEF47BF63}.Debug|Any CPU.Build.0 = Debug|Any CPU
		{03C5FB6C-B4C9-552B-EC6F-8C9EEF47BF63}.Release|Any CPU.ActiveCfg = Release|Any CPU
		{03C5FB6C-B4C9-552B-EC6F-8C9EEF47BF63}.Release|Any CPU.Build.0 = Release|Any CPU
	EndGlobalSection
	GlobalSection(SolutionProperties) = preSolution
		HideSolutionNode = FALSE
	EndGlobalSection
EndGlobal
